
Microsoft Visual Studio Solution File, Format Version 12.00
Project("{FAE04EC0-301F-11D3-BF4B-00C04F79EFBC}") = "BIL359", "BIL359\BIL359.csproj", "{CEB8FA08-DEA3-4424-914D-3CA35467B3ED}"
EndProject
Global
	GlobalSection(SolutionConfigurationPlatforms) = preSolution
		Debug|Any CPU = Debug|Any CPU
		Release|Any CPU = Release|Any CPU
	EndGlobalSection
	GlobalSection(ProjectConfigurationPlatforms) = postSolution
		{CEB8FA08-DEA3-4424-914D-3CA35467B3ED}.Debug|Any CPU.ActiveCfg = Debug|Any CPU
		{CEB8FA08-DEA3-4424-914D-3CA35467B3ED}.Debug|Any CPU.Build.0 = Debug|Any CPU
		{CEB8FA08-DEA3-4424-914D-3CA35467B3ED}.Release|Any CPU.ActiveCfg = Release|Any CPU
		{CEB8FA08-DEA3-4424-914D-3CA35467B3ED}.Release|Any CPU.Build.0 = Release|Any CPU
	EndGlobalSection
EndGlobal
